
Microsoft Visual Studio Solution File, Format Version 12.00
# Visual Studio Version 17
VisualStudioVersion = 17.6.33815.320
MinimumVisualStudioVersion = 10.0.40219.1
Project("{2150E333-8FDC-42A3-9474-1A3956D46DE8}") = "FileService", "FileService", "{5F501FDB-C532-4653-8435-255BD5F7FB88}"
EndProject
Project("{9A19103F-16F7-4668-BE54-9A1E7A4F7556}") = "FileService.Domain", "FileService.Domain\FileService.Domain.csproj", "{D714F754-F0F0-4C0B-9257-272FB19595CF}"
EndProject
Project("{9A19103F-16F7-4668-BE54-9A1E7A4F7556}") = "FileService.WebAPI", "FileService.WebAPI\FileService.WebAPI.csproj", "{F87F086F-9F32-4069-A87E-02C7288EE96F}"
EndProject
Project("{9A19103F-16F7-4668-BE54-9A1E7A4F7556}") = "FileService.Infrastructure", "FileService.Infrastructure\FileService.Infrastructure.csproj", "{648794A0-0CC5-4006-9AD3-A0C0A6895623}"
EndProject
Project("{2150E333-8FDC-42A3-9474-1A3956D46DE8}") = "Common", "Common", "{51991B31-84BA-4CE1-A878-792378EA67EC}"
EndProject
Project("{9A19103F-16F7-4668-BE54-9A1E7A4F7556}") = "Common", "DomainEntity\Common.csproj", "{2364AEB1-DB09-4B07-818D-74A3DF6E3CE3}"
EndProject
Project("{2150E333-8FDC-42A3-9474-1A3956D46DE8}") = "IdentityService", "IdentityService", "{464DBF59-2999-4256-9CBC-EB99881FBA3B}"
EndProject
Project("{9A19103F-16F7-4668-BE54-9A1E7A4F7556}") = "IdentityService.Domain", "IdentityService.Domain\IdentityService.Domain.csproj", "{9F4C6F9C-5CF5-4EB8-B775-B5CFA6058402}"
EndProject
Project("{9A19103F-16F7-4668-BE54-9A1E7A4F7556}") = "IdentityService.Infrastructure", "IdentityService.Infrastructure\IdentityService.Infrastructure.csproj", "{C5E0157A-4BEF-4423-99DA-3C8421BBC205}"
EndProject
Project("{9A19103F-16F7-4668-BE54-9A1E7A4F7556}") = "IdentityService.WebAPI", "IdentityService.WebAPI\IdentityService.WebAPI.csproj", "{82AE8DF9-1BDF-4090-A399-7294443D8452}"
EndProject
Project("{2150E333-8FDC-42A3-9474-1A3956D46DE8}") = "MediaEncoder", "MediaEncoder", "{C60390F1-4C6F-4125-A51F-FA4B99DB2D2C}"
EndProject
Project("{9A19103F-16F7-4668-BE54-9A1E7A4F7556}") = "MediaEncoder.WebAPI", "MediaEncoder.WebAPI\MediaEncoder.WebAPI.csproj", "{0C6FEBDA-E37B-488D-82D5-3EDE9CB17339}"
EndProject
Project("{9A19103F-16F7-4668-BE54-9A1E7A4F7556}") = "MediaEncoder.Infrastructure", "MediaEncoder.Infrastructure\MediaEncoder.Infrastructure.csproj", "{C286944F-C9C1-4F96-BC43-1241E9FA5368}"
EndProject
Project("{9A19103F-16F7-4668-BE54-9A1E7A4F7556}") = "MediaEncoder.Domain", "MediaEncoder.Domain\MediaEncoder.Domain.csproj", "{C6F7AB8E-1D05-4144-BD64-14DE91606CE9}"
EndProject
Project("{2150E333-8FDC-42A3-9474-1A3956D46DE8}") = "SearchService", "SearchService", "{C6D9BAAB-71F1-42D9-B5BD-DC6DE2AD4C69}"
EndProject
Project("{9A19103F-16F7-4668-BE54-9A1E7A4F7556}") = "SearchService.Domain", "SearchService.Domain\SearchService.Domain.csproj", "{DDD96E11-C5C4-4E3B-B14A-DC7CBFF14981}"
EndProject
Project("{9A19103F-16F7-4668-BE54-9A1E7A4F7556}") = "SearchService.Infrastructure", "SearchService.Infrastructure\SearchService.Infrastructure.csproj", "{4287BD40-7651-4D4C-BB65-8D955EDA0569}"
EndProject
Project("{9A19103F-16F7-4668-BE54-9A1E7A4F7556}") = "SearchService.WebAPI", "SearchService.WebAPI\SearchService.WebAPI.csproj", "{871F19F6-D675-440B-B01C-72DEB930285D}"
EndProject
Project("{2150E333-8FDC-42A3-9474-1A3956D46DE8}") = "Listening", "Listening", "{3DADCA27-5B64-42B6-A0BD-817E8070212C}"
EndProject
Project("{FAE04EC0-301F-11D3-BF4B-00C04F79EFBC}") = "Listening.Admin.WebAPI", "Listening.Admin.WebAPI\Listening.Admin.WebAPI.csproj", "{58D92CD9-D3D5-496D-A55A-E9FFB1C41151}"
EndProject
Project("{FAE04EC0-301F-11D3-BF4B-00C04F79EFBC}") = "Listening.Main.WebAPI", "Listening.Main.WebAPI\Listening.Main.WebAPI.csproj", "{A0E846C7-9055-4D57-9311-4C61C6A1E43B}"
EndProject
Project("{FAE04EC0-301F-11D3-BF4B-00C04F79EFBC}") = "Listening.Domain", "Listening.Domain\Listening.Domain.csproj", "{DD016464-4A98-4ED1-B5C1-693A8FFFCF88}"
EndProject
Project("{FAE04EC0-301F-11D3-BF4B-00C04F79EFBC}") = "Listening.Infrastructure", "Listening.Infrastructure\Listening.Infrastructure.csproj", "{70FC4FED-DE5F-42C7-9731-111EA36B14BB}"
EndProject
Project("{FAE04EC0-301F-11D3-BF4B-00C04F79EFBC}") = "FileService.SDK.NETCore", "FileService.SDK.NETCore\FileService.SDK.NETCore.csproj", "{6B76188E-907C-41DC-9476-515DFEC078BB}"
EndProject
Global
	GlobalSection(SolutionConfigurationPlatforms) = preSolution
		Debug|Any CPU = Debug|Any CPU
		Release|Any CPU = Release|Any CPU
	EndGlobalSection
	GlobalSection(ProjectConfigurationPlatforms) = postSolution
		{D714F754-F0F0-4C0B-9257-272FB19595CF}.Debug|Any CPU.ActiveCfg = Debug|Any CPU
		{D714F754-F0F0-4C0B-9257-272FB19595CF}.Debug|Any CPU.Build.0 = Debug|Any CPU
		{D714F754-F0F0-4C0B-9257-272FB19595CF}.Release|Any CPU.ActiveCfg = Release|Any CPU
		{D714F754-F0F0-4C0B-9257-272FB19595CF}.Release|Any CPU.Build.0 = Release|Any CPU
		{F87F086F-9F32-4069-A87E-02C7288EE96F}.Debug|Any CPU.ActiveCfg = Debug|Any CPU
		{F87F086F-9F32-4069-A87E-02C7288EE96F}.Debug|Any CPU.Build.0 = Debug|Any CPU
		{F87F086F-9F32-4069-A87E-02C7288EE96F}.Release|Any CPU.ActiveCfg = Release|Any CPU
		{F87F086F-9F32-4069-A87E-02C7288EE96F}.Release|Any CPU.Build.0 = Release|Any CPU
		{648794A0-0CC5-4006-9AD3-A0C0A6895623}.Debug|Any CPU.ActiveCfg = Debug|Any CPU
		{648794A0-0CC5-4006-9AD3-A0C0A6895623}.Debug|Any CPU.Build.0 = Debug|Any CPU
		{648794A0-0CC5-4006-9AD3-A0C0A6895623}.Release|Any CPU.ActiveCfg = Release|Any CPU
		{648794A0-0CC5-4006-9AD3-A0C0A6895623}.Release|Any CPU.Build.0 = Release|Any CPU
		{2364AEB1-DB09-4B07-818D-74A3DF6E3CE3}.Debug|Any CPU.ActiveCfg = Debug|Any CPU
		{2364AEB1-DB09-4B07-818D-74A3DF6E3CE3}.Debug|Any CPU.Build.0 = Debug|Any CPU
		{2364AEB1-DB09-4B07-818D-74A3DF6E3CE3}.Release|Any CPU.ActiveCfg = Release|Any CPU
		{2364AEB1-DB09-4B07-818D-74A3DF6E3CE3}.Release|Any CPU.Build.0 = Release|Any CPU
		{9F4C6F9C-5CF5-4EB8-B775-B5CFA6058402}.Debug|Any CPU.ActiveCfg = Debug|Any CPU
		{9F4C6F9C-5CF5-4EB8-B775-B5CFA6058402}.Debug|Any CPU.Build.0 = Debug|Any CPU
		{9F4C6F9C-5CF5-4EB8-B775-B5CFA6058402}.Release|Any CPU.ActiveCfg = Release|Any CPU
		{9F4C6F9C-5CF5-4EB8-B775-B5CFA6058402}.Release|Any CPU.Build.0 = Release|Any CPU
		{C5E0157A-4BEF-4423-99DA-3C8421BBC205}.Debug|Any CPU.ActiveCfg = Debug|Any CPU
		{C5E0157A-4BEF-4423-99DA-3C8421BBC205}.Debug|Any CPU.Build.0 = Debug|Any CPU
		{C5E0157A-4BEF-4423-99DA-3C8421BBC205}.Release|Any CPU.ActiveCfg = Release|Any CPU
		{C5E0157A-4BEF-4423-99DA-3C8421BBC205}.Release|Any CPU.Build.0 = Release|Any CPU
		{82AE8DF9-1BDF-4090-A399-7294443D8452}.Debug|Any CPU.ActiveCfg = Debug|Any CPU
		{82AE8DF9-1BDF-4090-A399-7294443D8452}.Debug|Any CPU.Build.0 = Debug|Any CPU
		{82AE8DF9-1BDF-4090-A399-7294443D8452}.Release|Any CPU.ActiveCfg = Release|Any CPU
		{82AE8DF9-1BDF-4090-A399-7294443D8452}.Release|Any CPU.Build.0 = Release|Any CPU
		{0C6FEBDA-E37B-488D-82D5-3EDE9CB17339}.Debug|Any CPU.ActiveCfg = Debug|Any CPU
		{0C6FEBDA-E37B-488D-82D5-3EDE9CB17339}.Debug|Any CPU.Build.0 = Debug|Any CPU
		{0C6FEBDA-E37B-488D-82D5-3EDE9CB17339}.Release|Any CPU.ActiveCfg = Release|Any CPU
		{0C6FEBDA-E37B-488D-82D5-3EDE9CB17339}.Release|Any CPU.Build.0 = Release|Any CPU
		{C286944F-C9C1-4F96-BC43-1241E9FA5368}.Debug|Any CPU.ActiveCfg = Debug|Any CPU
		{C286944F-C9C1-4F96-BC43-1241E9FA5368}.Debug|Any CPU.Build.0 = Debug|Any CPU
		{C286944F-C9C1-4F96-BC43-1241E9FA5368}.Release|Any CPU.ActiveCfg = Release|Any CPU
		{C286944F-C9C1-4F96-BC43-1241E9FA5368}.Release|Any CPU.Build.0 = Release|Any CPU
		{C6F7AB8E-1D05-4144-BD64-14DE91606CE9}.Debug|Any CPU.ActiveCfg = Debug|Any CPU
		{C6F7AB8E-1D05-4144-BD64-14DE91606CE9}.Debug|Any CPU.Build.0 = Debug|Any CPU
		{C6F7AB8E-1D05-4144-BD64-14DE91606CE9}.Release|Any CPU.ActiveCfg = Release|Any CPU
		{C6F7AB8E-1D05-4144-BD64-14DE91606CE9}.Release|Any CPU.Build.0 = Release|Any CPU
		{DDD96E11-C5C4-4E3B-B14A-DC7CBFF14981}.Debug|Any CPU.ActiveCfg = Debug|Any CPU
		{DDD96E11-C5C4-4E3B-B14A-DC7CBFF14981}.Debug|Any CPU.Build.0 = Debug|Any CPU
		{DDD96E11-C5C4-4E3B-B14A-DC7CBFF14981}.Release|Any CPU.ActiveCfg = Release|Any CPU
		{DDD96E11-C5C4-4E3B-B14A-DC7CBFF14981}.Release|Any CPU.Build.0 = Release|Any CPU
		{4287BD40-7651-4D4C-BB65-8D955EDA0569}.Debug|Any CPU.ActiveCfg = Debug|Any CPU
		{4287BD40-7651-4D4C-BB65-8D955EDA0569}.Debug|Any CPU.Build.0 = Debug|Any CPU
		{4287BD40-7651-4D4C-BB65-8D955EDA0569}.Release|Any CPU.ActiveCfg = Release|Any CPU
		{4287BD40-7651-4D4C-BB65-8D955EDA0569}.Release|Any CPU.Build.0 = Release|Any CPU
		{871F19F6-D675-440B-B01C-72DEB930285D}.Debug|Any CPU.ActiveCfg = Debug|Any CPU
		{871F19F6-D675-440B-B01C-72DEB930285D}.Debug|Any CPU.Build.0 = Debug|Any CPU
		{871F19F6-D675-440B-B01C-72DEB930285D}.Release|Any CPU.ActiveCfg = Release|Any CPU
		{871F19F6-D675-440B-B01C-72DEB930285D}.Release|Any CPU.Build.0 = Release|Any CPU
		{58D92CD9-D3D5-496D-A55A-E9FFB1C41151}.Debug|Any CPU.ActiveCfg = Debug|Any CPU
		{58D92CD9-D3D5-496D-A55A-E9FFB1C41151}.Debug|Any CPU.Build.0 = Debug|Any CPU
		{58D92CD9-D3D5-496D-A55A-E9FFB1C41151}.Release|Any CPU.ActiveCfg = Release|Any CPU
		{58D92CD9-D3D5-496D-A55A-E9FFB1C41151}.Release|Any CPU.Build.0 = Release|Any CPU
		{A0E846C7-9055-4D57-9311-4C61C6A1E43B}.Debug|Any CPU.ActiveCfg = Debug|Any CPU
		{A0E846C7-9055-4D57-9311-4C61C6A1E43B}.Debug|Any CPU.Build.0 = Debug|Any CPU
		{A0E846C7-9055-4D57-9311-4C61C6A1E43B}.Release|Any CPU.ActiveCfg = Release|Any CPU
		{A0E846C7-9055-4D57-9311-4C61C6A1E43B}.Release|Any CPU.Build.0 = Release|Any CPU
		{DD016464-4A98-4ED1-B5C1-693A8FFFCF88}.Debug|Any CPU.ActiveCfg = Debug|Any CPU
		{DD016464-4A98-4ED1-B5C1-693A8FFFCF88}.Debug|Any CPU.Build.0 = Debug|Any CPU
		{DD016464-4A98-4ED1-B5C1-693A8FFFCF88}.Release|Any CPU.ActiveCfg = Release|Any CPU
		{DD016464-4A98-4ED1-B5C1-693A8FFFCF88}.Release|Any CPU.Build.0 = Release|Any CPU
		{70FC4FED-DE5F-42C7-9731-111EA36B14BB}.Debug|Any CPU.ActiveCfg = Debug|Any CPU
		{70FC4FED-DE5F-42C7-9731-111EA36B14BB}.Debug|Any CPU.Build.0 = Debug|Any CPU
		{70FC4FED-DE5F-42C7-9731-111EA36B14BB}.Release|Any CPU.ActiveCfg = Release|Any CPU
		{70FC4FED-DE5F-42C7-9731-111EA36B14BB}.Release|Any CPU.Build.0 = Release|Any CPU
		{6B76188E-907C-41DC-9476-515DFEC078BB}.Debug|Any CPU.ActiveCfg = Debug|Any CPU
		{6B76188E-907C-41DC-9476-515DFEC078BB}.Debug|Any CPU.Build.0 = Debug|Any CPU
		{6B76188E-907C-41DC-9476-515DFEC078BB}.Release|Any CPU.ActiveCfg = Release|Any CPU
		{6B76188E-907C-41DC-9476-515DFEC078BB}.Release|Any CPU.Build.0 = Release|Any CPU
	EndGlobalSection
	GlobalSection(SolutionProperties) = preSolution
		HideSolutionNode = FALSE
	EndGlobalSection
	GlobalSection(NestedProjects) = preSolution
		{D714F754-F0F0-4C0B-9257-272FB19595CF} = {5F501FDB-C532-4653-8435-255BD5F7FB88}
		{F87F086F-9F32-4069-A87E-02C7288EE96F} = {5F501FDB-C532-4653-8435-255BD5F7FB88}
		{648794A0-0CC5-4006-9AD3-A0C0A6895623} = {5F501FDB-C532-4653-8435-255BD5F7FB88}
		{2364AEB1-DB09-4B07-818D-74A3DF6E3CE3} = {51991B31-84BA-4CE1-A878-792378EA67EC}
		{9F4C6F9C-5CF5-4EB8-B775-B5CFA6058402} = {464DBF59-2999-4256-9CBC-EB99881FBA3B}
		{C5E0157A-4BEF-4423-99DA-3C8421BBC205} = {464DBF59-2999-4256-9CBC-EB99881FBA3B}
		{82AE8DF9-1BDF-4090-A399-7294443D8452} = {464DBF59-2999-4256-9CBC-EB99881FBA3B}
		{0C6FEBDA-E37B-488D-82D5-3EDE9CB17339} = {C60390F1-4C6F-4125-A51F-FA4B99DB2D2C}
		{C286944F-C9C1-4F96-BC43-1241E9FA5368} = {C60390F1-4C6F-4125-A51F-FA4B99DB2D2C}
		{C6F7AB8E-1D05-4144-BD64-14DE91606CE9} = {C60390F1-4C6F-4125-A51F-FA4B99DB2D2C}
		{DDD96E11-C5C4-4E3B-B14A-DC7CBFF14981} = {C6D9BAAB-71F1-42D9-B5BD-DC6DE2AD4C69}
		{4287BD40-7651-4D4C-BB65-8D955EDA0569} = {C6D9BAAB-71F1-42D9-B5BD-DC6DE2AD4C69}
		{871F19F6-D675-440B-B01C-72DEB930285D} = {C6D9BAAB-71F1-42D9-B5BD-DC6DE2AD4C69}
		{58D92CD9-D3D5-496D-A55A-E9FFB1C41151} = {3DADCA27-5B64-42B6-A0BD-817E8070212C}
		{A0E846C7-9055-4D57-9311-4C61C6A1E43B} = {3DADCA27-5B64-42B6-A0BD-817E8070212C}
		{DD016464-4A98-4ED1-B5C1-693A8FFFCF88} = {3DADCA27-5B64-42B6-A0BD-817E8070212C}
		{70FC4FED-DE5F-42C7-9731-111EA36B14BB} = {3DADCA27-5B64-42B6-A0BD-817E8070212C}
		{6B76188E-907C-41DC-9476-515DFEC078BB} = {5F501FDB-C532-4653-8435-255BD5F7FB88}
	EndGlobalSection
	GlobalSection(ExtensibilityGlobals) = postSolution
		SolutionGuid = {BC137848-192C-4740-A260-BDED9AF998B8}
	EndGlobalSection
EndGlobal
